{
  "name": "compilers",
  "version": "1.0.0",
  "lockfileVersion": 2,
  "requires": true,
  "packages": {
    "": {
      "version": "1.0.0",
      "license": "MIT",
      "dependencies": {
        "rescript-901": "npm:bs-platform@9.0.1"
      }
    },
    "node_modules/rescript-901": {
      "name": "bs-platform",
      "version": "9.0.1",
      "resolved": "https://registry.npmjs.org/bs-platform/-/bs-platform-9.0.1.tgz",
      "integrity": "sha512-RxUrwxVBCx9AiiyFIthZwfPn+tAn9noRHCb9xJK4Uw2deGxIytqyoWDepMbH35v7EpxX0OhfXL5RrjHTaXersA==",
      "deprecated": "use 9.0.2 for bug fix",
      "hasInstallScript": true,
      "bin": {
        "bsb": "bsb",
        "bsc": "bsc",
        "bsrefmt": "bsrefmt",
        "bstracing": "lib/bstracing"
      }
    }
  },
  "dependencies": {
    "rescript-901": {
      "version": "npm:bs-platform@9.0.1",
      "resolved": "https://registry.npmjs.org/bs-platform/-/bs-platform-9.0.1.tgz",
      "integrity": "sha512-RxUrwxVBCx9AiiyFIthZwfPn+tAn9noRHCb9xJK4Uw2deGxIytqyoWDepMbH35v7EpxX0OhfXL5RrjHTaXersA=="
    }
  }
}
